{
    "version": 3,
    "terraform_version": "0.10.4",
    "serial": 118,
    "lineage": "4a033a6f-435f-4704-8f63-4ea24df73604",
    "modules": [
        {
            "path": [
                "root"
            ],
            "outputs": {},
            "resources": {
                "aws_api_gateway_api_key.API_Key": {
                    "type": "aws_api_gateway_api_key",
                    "depends_on": [],
                    "primary": {
                        "id": "mjki6dztef",
                        "attributes": {
                            "created_date": "2017-09-28T23:07:23Z",
                            "description": "API Key for internal applications (non-customer)",
                            "enabled": "true",
                            "id": "mjki6dztef",
                            "last_updated_date": "2017-09-28T23:07:23Z",
                            "name": "InApp",
                            "stage_key.#": "0",
                            "value": "DRWJc175X99IxjEVP0yge4eppx719ACe4Y2l15QS"
                        },
                        "meta": {},
                        "tainted": false
                    },
                    "deposed": [],
                    "provider": ""
                },
                "aws_api_gateway_deployment.API_Deployment": {
                    "type": "aws_api_gateway_deployment",
                    "depends_on": [],
                    "primary": {
                        "id": "g8jjft",
                        "attributes": {
                            "created_date": "2017-12-21T09:33:55Z",
                            "description": "Deployed at 2017-12-21T09:33:54Z",
                            "execution_arn": "arn:aws:execute-api:ap-northeast-2:642029907872:x4cvaup55c/dev",
                            "id": "g8jjft",
                            "invoke_url": "https://x4cvaup55c.execute-api.ap-northeast-2.amazonaws.com/dev",
                            "rest_api_id": "x4cvaup55c",
                            "stage_description": "Deployed at 2017-12-21T09:33:54Z",
                            "stage_name": "dev"
                        },
                        "meta": {},
                        "tainted": false
                    },
                    "deposed": [],
                    "provider": ""
                },
                "aws_api_gateway_integration.API_ChapterByIdIntegration": {
                    "type": "aws_api_gateway_integration",
                    "depends_on": [
                        "aws_api_gateway_method.API_ChapterByIdMethod",
                        "aws_api_gateway_resource.API_ChapterById",
                        "aws_api_gateway_rest_api.API"
                    ],
                    "primary": {
                        "id": "agi-x4cvaup55c-8i2cp2-ANY",
                        "attributes": {
                            "cache_key_parameters.#": "0",
                            "cache_namespace": "8i2cp2",
                            "http_method": "ANY",
                            "id": "agi-x4cvaup55c-8i2cp2-ANY",
                            "integration_http_method": "POST",
                            "passthrough_behavior": "WHEN_NO_MATCH",
                            "request_parameters.%": "0",
                            "request_templates.%": "0",
                            "resource_id": "8i2cp2",
                            "rest_api_id": "x4cvaup55c",
                            "type": "AWS_PROXY",
                            "uri": "arn:aws:apigateway:ap-northeast-2:lambda:path/2015-03-31/functions/arn:aws:lambda:ap-northeast-2:642029907872:function:v1_dev_chapters/invocations"
                        },
                        "meta": {},
                        "tainted": false
                    },
                    "deposed": [],
                    "provider": ""
                },
                "aws_api_gateway_integration.API_ChapterIntegration": {
                    "type": "aws_api_gateway_integration",
                    "depends_on": [
                        "aws_api_gateway_method.API_ChapterMethod",
                        "aws_api_gateway_resource.API_Chapter",
                        "aws_api_gateway_rest_api.API"
                    ],
                    "primary": {
                        "id": "agi-x4cvaup55c-7dvr2e-ANY",
                        "attributes": {
                            "cache_key_parameters.#": "0",
                            "cache_namespace": "7dvr2e",
                            "http_method": "ANY",
                            "id": "agi-x4cvaup55c-7dvr2e-ANY",
                            "integration_http_method": "POST",
                            "passthrough_behavior": "WHEN_NO_MATCH",
                            "request_parameters.%": "0",
                            "request_templates.%": "0",
                            "resource_id": "7dvr2e",
                            "rest_api_id": "x4cvaup55c",
                            "type": "AWS_PROXY",
                            "uri": "arn:aws:apigateway:ap-northeast-2:lambda:path/2015-03-31/functions/arn:aws:lambda:ap-northeast-2:642029907872:function:v1_dev_chapters/invocations"
                        },
                        "meta": {},
                        "tainted": false
                    },
                    "deposed": [],
                    "provider": ""
                },
                "aws_api_gateway_integration.API_ContentByIdIntegration": {
                    "type": "aws_api_gateway_integration",
                    "depends_on": [
                        "aws_api_gateway_method.API_ContentByIdMethod",
                        "aws_api_gateway_resource.API_ContentById",
                        "aws_api_gateway_rest_api.API"
                    ],
                    "primary": {
                        "id": "agi-x4cvaup55c-yg2rwh-ANY",
                        "attributes": {
                            "cache_key_parameters.#": "0",
                            "cache_namespace": "yg2rwh",
                            "http_method": "ANY",
                            "id": "agi-x4cvaup55c-yg2rwh-ANY",
                            "integration_http_method": "POST",
                            "passthrough_behavior": "WHEN_NO_MATCH",
                            "request_parameters.%": "0",
                            "request_templates.%": "0",
                            "resource_id": "yg2rwh",
                            "rest_api_id": "x4cvaup55c",
                            "type": "AWS_PROXY",
                            "uri": "arn:aws:apigateway:ap-northeast-2:lambda:path/2015-03-31/functions/arn:aws:lambda:ap-northeast-2:642029907872:function:v1_dev_contents/invocations"
                        },
                        "meta": {},
                        "tainted": false
                    },
                    "deposed": [],
                    "provider": ""
                },
                "aws_api_gateway_integration.API_ContentIntegration": {
                    "type": "aws_api_gateway_integration",
                    "depends_on": [
                        "aws_api_gateway_method.API_ContentMethod",
                        "aws_api_gateway_resource.API_Content",
                        "aws_api_gateway_rest_api.API"
                    ],
                    "primary": {
                        "id": "agi-x4cvaup55c-plkmdb-ANY",
                        "attributes": {
                            "cache_key_parameters.#": "0",
                            "cache_namespace": "plkmdb",
                            "http_method": "ANY",
                            "id": "agi-x4cvaup55c-plkmdb-ANY",
                            "integration_http_method": "POST",
                            "passthrough_behavior": "WHEN_NO_MATCH",
                            "request_parameters.%": "0",
                            "request_templates.%": "0",
                            "resource_id": "plkmdb",
                            "rest_api_id": "x4cvaup55c",
                            "type": "AWS_PROXY",
                            "uri": "arn:aws:apigateway:ap-northeast-2:lambda:path/2015-03-31/functions/arn:aws:lambda:ap-northeast-2:642029907872:function:v1_dev_contents/invocations"
                        },
                        "meta": {},
                        "tainted": false
                    },
                    "deposed": [],
                    "provider": ""
                },
                "aws_api_gateway_integration.API_MeIntegration": {
                    "type": "aws_api_gateway_integration",
                    "depends_on": [
                        "aws_api_gateway_method.API_MeMethod",
                        "aws_api_gateway_resource.API_Me",
                        "aws_api_gateway_rest_api.API"
                    ],
                    "primary": {
                        "id": "agi-x4cvaup55c-j028r6-ANY",
                        "attributes": {
                            "cache_key_parameters.#": "0",
                            "cache_namespace": "j028r6",
                            "http_method": "ANY",
                            "id": "agi-x4cvaup55c-j028r6-ANY",
                            "integration_http_method": "POST",
                            "passthrough_behavior": "WHEN_NO_MATCH",
                            "request_parameters.%": "0",
                            "request_templates.%": "0",
                            "resource_id": "j028r6",
                            "rest_api_id": "x4cvaup55c",
                            "type": "AWS_PROXY",
                            "uri": "arn:aws:apigateway:ap-northeast-2:lambda:path/2015-03-31/functions/arn:aws:lambda:ap-northeast-2:642029907872:function:v1_dev_me/invocations"
                        },
                        "meta": {},
                        "tainted": false
                    },
                    "deposed": [],
                    "provider": ""
                },
                "aws_api_gateway_integration.API_PageIntegration": {
                    "type": "aws_api_gateway_integration",
                    "depends_on": [
                        "aws_api_gateway_method.API_PageMethod",
                        "aws_api_gateway_resource.API_Page",
                        "aws_api_gateway_rest_api.API"
                    ],
                    "primary": {
                        "id": "agi-x4cvaup55c-lbv4ze-ANY",
                        "attributes": {
                            "cache_key_parameters.#": "0",
                            "cache_namespace": "lbv4ze",
                            "http_method": "ANY",
                            "id": "agi-x4cvaup55c-lbv4ze-ANY",
                            "integration_http_method": "POST",
                            "passthrough_behavior": "WHEN_NO_MATCH",
                            "request_parameters.%": "0",
                            "request_templates.%": "0",
                            "resource_id": "lbv4ze",
                            "rest_api_id": "x4cvaup55c",
                            "type": "AWS_PROXY",
                            "uri": "arn:aws:apigateway:ap-northeast-2:lambda:path/2015-03-31/functions/arn:aws:lambda:ap-northeast-2:642029907872:function:v1_dev_pages/invocations"
                        },
                        "meta": {},
                        "tainted": false
                    },
                    "deposed": [],
                    "provider": ""
                },
                "aws_api_gateway_integration.API_PostByIdIntegration": {
                    "type": "aws_api_gateway_integration",
                    "depends_on": [
                        "aws_api_gateway_method.API_PostByIdMethod",
                        "aws_api_gateway_resource.API_PostById",
                        "aws_api_gateway_rest_api.API"
                    ],
                    "primary": {
                        "id": "agi-x4cvaup55c-64zxgm-ANY",
                        "attributes": {
                            "cache_key_parameters.#": "0",
                            "cache_namespace": "64zxgm",
                            "http_method": "ANY",
                            "id": "agi-x4cvaup55c-64zxgm-ANY",
                            "integration_http_method": "POST",
                            "passthrough_behavior": "WHEN_NO_MATCH",
                            "request_parameters.%": "0",
                            "request_templates.%": "0",
                            "resource_id": "64zxgm",
                            "rest_api_id": "x4cvaup55c",
                            "type": "AWS_PROXY",
                            "uri": "arn:aws:apigateway:ap-northeast-2:lambda:path/2015-03-31/functions/arn:aws:lambda:ap-northeast-2:642029907872:function:v1_dev_posts/invocations"
                        },
                        "meta": {},
                        "tainted": false
                    },
                    "deposed": [],
                    "provider": ""
                },
                "aws_api_gateway_integration.API_PostIntegration": {
                    "type": "aws_api_gateway_integration",
                    "depends_on": [
                        "aws_api_gateway_method.API_PostMethod",
                        "aws_api_gateway_resource.API_Post",
                        "aws_api_gateway_rest_api.API"
                    ],
                    "primary": {
                        "id": "agi-x4cvaup55c-bhq4rq-ANY",
                        "attributes": {
                            "cache_key_parameters.#": "0",
                            "cache_namespace": "bhq4rq",
                            "http_method": "ANY",
                            "id": "agi-x4cvaup55c-bhq4rq-ANY",
                            "integration_http_method": "POST",
                            "passthrough_behavior": "WHEN_NO_MATCH",
                            "request_parameters.%": "0",
                            "request_templates.%": "0",
                            "resource_id": "bhq4rq",
                            "rest_api_id": "x4cvaup55c",
                            "type": "AWS_PROXY",
                            "uri": "arn:aws:apigateway:ap-northeast-2:lambda:path/2015-03-31/functions/arn:aws:lambda:ap-northeast-2:642029907872:function:v1_dev_posts/invocations"
                        },
                        "meta": {},
                        "tainted": false
                    },
                    "deposed": [],
                    "provider": ""
                },
                "aws_api_gateway_integration.API_PostRoleIntegration": {
                    "type": "aws_api_gateway_integration",
                    "depends_on": [
                        "aws_api_gateway_method.API_PostRoleMethod",
                        "aws_api_gateway_resource.API_PostRole",
                        "aws_api_gateway_rest_api.API"
                    ],
                    "primary": {
                        "id": "agi-x4cvaup55c-p8r5lb-ANY",
                        "attributes": {
                            "cache_key_parameters.#": "0",
                            "cache_namespace": "p8r5lb",
                            "http_method": "ANY",
                            "id": "agi-x4cvaup55c-p8r5lb-ANY",
                            "integration_http_method": "POST",
                            "passthrough_behavior": "WHEN_NO_MATCH",
                            "request_parameters.%": "0",
                            "request_templates.%": "0",
                            "resource_id": "p8r5lb",
                            "rest_api_id": "x4cvaup55c",
                            "type": "AWS_PROXY",
                            "uri": "arn:aws:apigateway:ap-northeast-2:lambda:path/2015-03-31/functions/arn:aws:lambda:ap-northeast-2:642029907872:function:v1_dev_post_roles/invocations"
                        },
                        "meta": {},
                        "tainted": false
                    },
                    "deposed": [],
                    "provider": ""
                },
                "aws_api_gateway_integration.API_UserByIdIntegration": {
                    "type": "aws_api_gateway_integration",
                    "depends_on": [
                        "aws_api_gateway_method.API_UserByIdMethod",
                        "aws_api_gateway_resource.API_UserById",
                        "aws_api_gateway_rest_api.API"
                    ],
                    "primary": {
                        "id": "agi-x4cvaup55c-bm0p9t-ANY",
                        "attributes": {
                            "cache_key_parameters.#": "0",
                            "cache_namespace": "bm0p9t",
                            "http_method": "ANY",
                            "id": "agi-x4cvaup55c-bm0p9t-ANY",
                            "integration_http_method": "POST",
                            "passthrough_behavior": "WHEN_NO_MATCH",
                            "request_parameters.%": "0",
                            "request_templates.%": "0",
                            "resource_id": "bm0p9t",
                            "rest_api_id": "x4cvaup55c",
                            "type": "AWS_PROXY",
                            "uri": "arn:aws:apigateway:ap-northeast-2:lambda:path/2015-03-31/functions/arn:aws:lambda:ap-northeast-2:642029907872:function:v1_dev_users/invocations"
                        },
                        "meta": {},
                        "tainted": false
                    },
                    "deposed": [],
                    "provider": ""
                },
                "aws_api_gateway_integration.API_UserIntegration": {
                    "type": "aws_api_gateway_integration",
                    "depends_on": [
                        "aws_api_gateway_method.API_UserMethod",
                        "aws_api_gateway_resource.API_User",
                        "aws_api_gateway_rest_api.API"
                    ],
                    "primary": {
                        "id": "agi-x4cvaup55c-70izm4-ANY",
                        "attributes": {
                            "cache_key_parameters.#": "0",
                            "cache_namespace": "70izm4",
                            "http_method": "ANY",
                            "id": "agi-x4cvaup55c-70izm4-ANY",
                            "integration_http_method": "POST",
                            "passthrough_behavior": "WHEN_NO_MATCH",
                            "request_parameters.%": "0",
                            "request_templates.%": "0",
                            "resource_id": "70izm4",
                            "rest_api_id": "x4cvaup55c",
                            "type": "AWS_PROXY",
                            "uri": "arn:aws:apigateway:ap-northeast-2:lambda:path/2015-03-31/functions/arn:aws:lambda:ap-northeast-2:642029907872:function:v1_dev_users/invocations"
                        },
                        "meta": {},
                        "tainted": false
                    },
                    "deposed": [],
                    "provider": ""
                },
                "aws_api_gateway_integration.API_UserRoleIntegration": {
                    "type": "aws_api_gateway_integration",
                    "depends_on": [
                        "aws_api_gateway_method.API_UserRoleMethod",
                        "aws_api_gateway_resource.API_UserRole",
                        "aws_api_gateway_rest_api.API"
                    ],
                    "primary": {
                        "id": "agi-x4cvaup55c-z881sx-ANY",
                        "attributes": {
                            "cache_key_parameters.#": "0",
                            "cache_namespace": "z881sx",
                            "http_method": "ANY",
                            "id": "agi-x4cvaup55c-z881sx-ANY",
                            "integration_http_method": "POST",
                            "passthrough_behavior": "WHEN_NO_MATCH",
                            "request_parameters.%": "0",
                            "request_templates.%": "0",
                            "resource_id": "z881sx",
                            "rest_api_id": "x4cvaup55c",
                            "type": "AWS_PROXY",
                            "uri": "arn:aws:apigateway:ap-northeast-2:lambda:path/2015-03-31/functions/arn:aws:lambda:ap-northeast-2:642029907872:function:v1_dev_user_roles/invocations"
                        },
                        "meta": {},
                        "tainted": false
                    },
                    "deposed": [],
                    "provider": ""
                },
                "aws_api_gateway_method.API_ChapterByIdMethod": {
                    "type": "aws_api_gateway_method",
                    "depends_on": [
                        "aws_api_gateway_resource.API_ChapterById",
                        "aws_api_gateway_rest_api.API"
                    ],
                    "primary": {
                        "id": "agm-x4cvaup55c-8i2cp2-ANY",
                        "attributes": {
                            "api_key_required": "true",
                            "authorization": "NONE",
                            "authorizer_id": "",
                            "http_method": "ANY",
                            "id": "agm-x4cvaup55c-8i2cp2-ANY",
                            "request_models.%": "0",
                            "request_parameters.%": "0",
                            "request_validator_id": "",
                            "resource_id": "8i2cp2",
                            "rest_api_id": "x4cvaup55c"
                        },
                        "meta": {},
                        "tainted": false
                    },
                    "deposed": [],
                    "provider": ""
                },
                "aws_api_gateway_method.API_ChapterMethod": {
                    "type": "aws_api_gateway_method",
                    "depends_on": [
                        "aws_api_gateway_resource.API_Chapter",
                        "aws_api_gateway_rest_api.API"
                    ],
                    "primary": {
                        "id": "agm-x4cvaup55c-7dvr2e-ANY",
                        "attributes": {
                            "api_key_required": "true",
                            "authorization": "NONE",
                            "authorizer_id": "",
                            "http_method": "ANY",
                            "id": "agm-x4cvaup55c-7dvr2e-ANY",
                            "request_models.%": "0",
                            "request_parameters.%": "0",
                            "request_validator_id": "",
                            "resource_id": "7dvr2e",
                            "rest_api_id": "x4cvaup55c"
                        },
                        "meta": {},
                        "tainted": false
                    },
                    "deposed": [],
                    "provider": ""
                },
                "aws_api_gateway_method.API_ContentByIdMethod": {
                    "type": "aws_api_gateway_method",
                    "depends_on": [
                        "aws_api_gateway_resource.API_ContentById",
                        "aws_api_gateway_rest_api.API"
                    ],
                    "primary": {
                        "id": "agm-x4cvaup55c-yg2rwh-ANY",
                        "attributes": {
                            "api_key_required": "true",
                            "authorization": "NONE",
                            "authorizer_id": "",
                            "http_method": "ANY",
                            "id": "agm-x4cvaup55c-yg2rwh-ANY",
                            "request_models.%": "0",
                            "request_parameters.%": "0",
                            "request_validator_id": "",
                            "resource_id": "yg2rwh",
                            "rest_api_id": "x4cvaup55c"
                        },
                        "meta": {},
                        "tainted": false
                    },
                    "deposed": [],
                    "provider": ""
                },
                "aws_api_gateway_method.API_ContentMethod": {
                    "type": "aws_api_gateway_method",
                    "depends_on": [
                        "aws_api_gateway_resource.API_Content",
                        "aws_api_gateway_rest_api.API"
                    ],
                    "primary": {
                        "id": "agm-x4cvaup55c-plkmdb-ANY",
                        "attributes": {
                            "api_key_required": "true",
                            "authorization": "NONE",
                            "authorizer_id": "",
                            "http_method": "ANY",
                            "id": "agm-x4cvaup55c-plkmdb-ANY",
                            "request_models.%": "0",
                            "request_parameters.%": "0",
                            "request_validator_id": "",
                            "resource_id": "plkmdb",
                            "rest_api_id": "x4cvaup55c"
                        },
                        "meta": {},
                        "tainted": false
                    },
                    "deposed": [],
                    "provider": ""
                },
                "aws_api_gateway_method.API_MeMethod": {
                    "type": "aws_api_gateway_method",
                    "depends_on": [
                        "aws_api_gateway_resource.API_Me",
                        "aws_api_gateway_rest_api.API"
                    ],
                    "primary": {
                        "id": "agm-x4cvaup55c-j028r6-ANY",
                        "attributes": {
                            "api_key_required": "true",
                            "authorization": "NONE",
                            "authorizer_id": "",
                            "http_method": "ANY",
                            "id": "agm-x4cvaup55c-j028r6-ANY",
                            "request_models.%": "0",
                            "request_parameters.%": "0",
                            "request_validator_id": "",
                            "resource_id": "j028r6",
                            "rest_api_id": "x4cvaup55c"
                        },
                        "meta": {},
                        "tainted": false
                    },
                    "deposed": [],
                    "provider": ""
                },
                "aws_api_gateway_method.API_PageMethod": {
                    "type": "aws_api_gateway_method",
                    "depends_on": [
                        "aws_api_gateway_resource.API_Page",
                        "aws_api_gateway_rest_api.API"
                    ],
                    "primary": {
                        "id": "agm-x4cvaup55c-lbv4ze-ANY",
                        "attributes": {
                            "api_key_required": "true",
                            "authorization": "NONE",
                            "authorizer_id": "",
                            "http_method": "ANY",
                            "id": "agm-x4cvaup55c-lbv4ze-ANY",
                            "request_models.%": "0",
                            "request_parameters.%": "0",
                            "request_validator_id": "",
                            "resource_id": "lbv4ze",
                            "rest_api_id": "x4cvaup55c"
                        },
                        "meta": {},
                        "tainted": false
                    },
                    "deposed": [],
                    "provider": ""
                },
                "aws_api_gateway_method.API_PostByIdMethod": {
                    "type": "aws_api_gateway_method",
                    "depends_on": [
                        "aws_api_gateway_resource.API_PostById",
                        "aws_api_gateway_rest_api.API"
                    ],
                    "primary": {
                        "id": "agm-x4cvaup55c-64zxgm-ANY",
                        "attributes": {
                            "api_key_required": "true",
                            "authorization": "NONE",
                            "authorizer_id": "",
                            "http_method": "ANY",
                            "id": "agm-x4cvaup55c-64zxgm-ANY",
                            "request_models.%": "0",
                            "request_parameters.%": "0",
                            "request_validator_id": "",
                            "resource_id": "64zxgm",
                            "rest_api_id": "x4cvaup55c"
                        },
                        "meta": {},
                        "tainted": false
                    },
                    "deposed": [],
                    "provider": ""
                },
                "aws_api_gateway_method.API_PostMethod": {
                    "type": "aws_api_gateway_method",
                    "depends_on": [
                        "aws_api_gateway_resource.API_Post",
                        "aws_api_gateway_rest_api.API"
                    ],
                    "primary": {
                        "id": "agm-x4cvaup55c-bhq4rq-ANY",
                        "attributes": {
                            "api_key_required": "true",
                            "authorization": "NONE",
                            "authorizer_id": "",
                            "http_method": "ANY",
                            "id": "agm-x4cvaup55c-bhq4rq-ANY",
                            "request_models.%": "0",
                            "request_parameters.%": "0",
                            "request_validator_id": "",
                            "resource_id": "bhq4rq",
                            "rest_api_id": "x4cvaup55c"
                        },
                        "meta": {},
                        "tainted": false
                    },
                    "deposed": [],
                    "provider": ""
                },
                "aws_api_gateway_method.API_PostRoleMethod": {
                    "type": "aws_api_gateway_method",
                    "depends_on": [
                        "aws_api_gateway_resource.API_PostRole",
                        "aws_api_gateway_rest_api.API"
                    ],
                    "primary": {
                        "id": "agm-x4cvaup55c-p8r5lb-ANY",
                        "attributes": {
                            "api_key_required": "true",
                            "authorization": "NONE",
                            "authorizer_id": "",
                            "http_method": "ANY",
                            "id": "agm-x4cvaup55c-p8r5lb-ANY",
                            "request_models.%": "0",
                            "request_parameters.%": "0",
                            "request_validator_id": "",
                            "resource_id": "p8r5lb",
                            "rest_api_id": "x4cvaup55c"
                        },
                        "meta": {},
                        "tainted": false
                    },
                    "deposed": [],
                    "provider": ""
                },
                "aws_api_gateway_method.API_UserByIdMethod": {
                    "type": "aws_api_gateway_method",
                    "depends_on": [
                        "aws_api_gateway_resource.API_UserById",
                        "aws_api_gateway_rest_api.API"
                    ],
                    "primary": {
                        "id": "agm-x4cvaup55c-bm0p9t-ANY",
                        "attributes": {
                            "api_key_required": "true",
                            "authorization": "NONE",
                            "authorizer_id": "",
                            "http_method": "ANY",
                            "id": "agm-x4cvaup55c-bm0p9t-ANY",
                            "request_models.%": "0",
                            "request_parameters.%": "0",
                            "request_validator_id": "",
                            "resource_id": "bm0p9t",
                            "rest_api_id": "x4cvaup55c"
                        },
                        "meta": {},
                        "tainted": false
                    },
                    "deposed": [],
                    "provider": ""
                },
                "aws_api_gateway_method.API_UserMethod": {
                    "type": "aws_api_gateway_method",
                    "depends_on": [
                        "aws_api_gateway_resource.API_User",
                        "aws_api_gateway_rest_api.API"
                    ],
                    "primary": {
                        "id": "agm-x4cvaup55c-70izm4-ANY",
                        "attributes": {
                            "api_key_required": "true",
                            "authorization": "NONE",
                            "authorizer_id": "",
                            "http_method": "ANY",
                            "id": "agm-x4cvaup55c-70izm4-ANY",
                            "request_models.%": "0",
                            "request_parameters.%": "0",
                            "request_validator_id": "",
                            "resource_id": "70izm4",
                            "rest_api_id": "x4cvaup55c"
                        },
                        "meta": {},
                        "tainted": false
                    },
                    "deposed": [],
                    "provider": ""
                },
                "aws_api_gateway_method.API_UserRoleMethod": {
                    "type": "aws_api_gateway_method",
                    "depends_on": [
                        "aws_api_gateway_resource.API_UserRole",
                        "aws_api_gateway_rest_api.API"
                    ],
                    "primary": {
                        "id": "agm-x4cvaup55c-z881sx-ANY",
                        "attributes": {
                            "api_key_required": "true",
                            "authorization": "NONE",
                            "authorizer_id": "",
                            "http_method": "ANY",
                            "id": "agm-x4cvaup55c-z881sx-ANY",
                            "request_models.%": "0",
                            "request_parameters.%": "0",
                            "request_validator_id": "",
                            "resource_id": "z881sx",
                            "rest_api_id": "x4cvaup55c"
                        },
                        "meta": {},
                        "tainted": false
                    },
                    "deposed": [],
                    "provider": ""
                },
                "aws_api_gateway_method_response.API_ChapterById_200": {
                    "type": "aws_api_gateway_method_response",
                    "depends_on": [
                        "aws_api_gateway_method.API_ChapterByIdMethod",
                        "aws_api_gateway_resource.API_ChapterById",
                        "aws_api_gateway_rest_api.API"
                    ],
                    "primary": {
                        "id": "agmr-x4cvaup55c-8i2cp2-ANY-200",
                        "attributes": {
                            "http_method": "ANY",
                            "id": "agmr-x4cvaup55c-8i2cp2-ANY-200",
                            "resource_id": "8i2cp2",
                            "response_models.%": "0",
                            "response_parameters.%": "3",
                            "response_parameters.method.response.header.Access-Control-Allow-Headers": "true",
                            "response_parameters.method.response.header.Access-Control-Allow-Methods": "true",
                            "response_parameters.method.response.header.Access-Control-Allow-Origin": "true",
                            "rest_api_id": "x4cvaup55c",
                            "status_code": "200"
                        },
                        "meta": {},
                        "tainted": false
                    },
                    "deposed": [],
                    "provider": ""
                },
                "aws_api_gateway_method_response.API_Chapter_200": {
                    "type": "aws_api_gateway_method_response",
                    "depends_on": [
                        "aws_api_gateway_method.API_ChapterMethod",
                        "aws_api_gateway_resource.API_Chapter",
                        "aws_api_gateway_rest_api.API"
                    ],
                    "primary": {
                        "id": "agmr-x4cvaup55c-7dvr2e-ANY-200",
                        "attributes": {
                            "http_method": "ANY",
                            "id": "agmr-x4cvaup55c-7dvr2e-ANY-200",
                            "resource_id": "7dvr2e",
                            "response_models.%": "0",
                            "response_parameters.%": "3",
                            "response_parameters.method.response.header.Access-Control-Allow-Headers": "true",
                            "response_parameters.method.response.header.Access-Control-Allow-Methods": "true",
                            "response_parameters.method.response.header.Access-Control-Allow-Origin": "true",
                            "rest_api_id": "x4cvaup55c",
                            "status_code": "200"
                        },
                        "meta": {},
                        "tainted": false
                    },
                    "deposed": [],
                    "provider": ""
                },
                "aws_api_gateway_method_response.API_ContentById_200": {
                    "type": "aws_api_gateway_method_response",
                    "depends_on": [
                        "aws_api_gateway_method.API_ContentByIdMethod",
                        "aws_api_gateway_resource.API_ContentById",
                        "aws_api_gateway_rest_api.API"
                    ],
                    "primary": {
                        "id": "agmr-x4cvaup55c-yg2rwh-ANY-200",
                        "attributes": {
                            "http_method": "ANY",
                            "id": "agmr-x4cvaup55c-yg2rwh-ANY-200",
                            "resource_id": "yg2rwh",
                            "response_models.%": "0",
                            "response_parameters.%": "3",
                            "response_parameters.method.response.header.Access-Control-Allow-Headers": "true",
                            "response_parameters.method.response.header.Access-Control-Allow-Methods": "true",
                            "response_parameters.method.response.header.Access-Control-Allow-Origin": "true",
                            "rest_api_id": "x4cvaup55c",
                            "status_code": "200"
                        },
                        "meta": {},
                        "tainted": false
                    },
                    "deposed": [],
                    "provider": ""
                },
                "aws_api_gateway_method_response.API_Content_200": {
                    "type": "aws_api_gateway_method_response",
                    "depends_on": [
                        "aws_api_gateway_method.API_ContentMethod",
                        "aws_api_gateway_resource.API_Content",
                        "aws_api_gateway_rest_api.API"
                    ],
                    "primary": {
                        "id": "agmr-x4cvaup55c-plkmdb-ANY-200",
                        "attributes": {
                            "http_method": "ANY",
                            "id": "agmr-x4cvaup55c-plkmdb-ANY-200",
                            "resource_id": "plkmdb",
                            "response_models.%": "0",
                            "response_parameters.%": "3",
                            "response_parameters.method.response.header.Access-Control-Allow-Headers": "true",
                            "response_parameters.method.response.header.Access-Control-Allow-Methods": "true",
                            "response_parameters.method.response.header.Access-Control-Allow-Origin": "true",
                            "rest_api_id": "x4cvaup55c",
                            "status_code": "200"
                        },
                        "meta": {},
                        "tainted": false
                    },
                    "deposed": [],
                    "provider": ""
                },
                "aws_api_gateway_method_response.API_Me_200": {
                    "type": "aws_api_gateway_method_response",
                    "depends_on": [
                        "aws_api_gateway_method.API_MeMethod",
                        "aws_api_gateway_resource.API_Me",
                        "aws_api_gateway_rest_api.API"
                    ],
                    "primary": {
                        "id": "agmr-x4cvaup55c-j028r6-ANY-200",
                        "attributes": {
                            "http_method": "ANY",
                            "id": "agmr-x4cvaup55c-j028r6-ANY-200",
                            "resource_id": "j028r6",
                            "response_models.%": "0",
                            "response_parameters.%": "3",
                            "response_parameters.method.response.header.Access-Control-Allow-Headers": "true",
                            "response_parameters.method.response.header.Access-Control-Allow-Methods": "true",
                            "response_parameters.method.response.header.Access-Control-Allow-Origin": "true",
                            "rest_api_id": "x4cvaup55c",
                            "status_code": "200"
                        },
                        "meta": {},
                        "tainted": false
                    },
                    "deposed": [],
                    "provider": ""
                },
                "aws_api_gateway_method_response.API_Page_200": {
                    "type": "aws_api_gateway_method_response",
                    "depends_on": [
                        "aws_api_gateway_method.API_PageMethod",
                        "aws_api_gateway_resource.API_Page",
                        "aws_api_gateway_rest_api.API"
                    ],
                    "primary": {
                        "id": "agmr-x4cvaup55c-lbv4ze-ANY-200",
                        "attributes": {
                            "http_method": "ANY",
                            "id": "agmr-x4cvaup55c-lbv4ze-ANY-200",
                            "resource_id": "lbv4ze",
                            "response_models.%": "0",
                            "response_parameters.%": "3",
                            "response_parameters.method.response.header.Access-Control-Allow-Headers": "true",
                            "response_parameters.method.response.header.Access-Control-Allow-Methods": "true",
                            "response_parameters.method.response.header.Access-Control-Allow-Origin": "true",
                            "rest_api_id": "x4cvaup55c",
                            "status_code": "200"
                        },
                        "meta": {},
                        "tainted": false
                    },
                    "deposed": [],
                    "provider": ""
                },
                "aws_api_gateway_method_response.API_PostById_200": {
                    "type": "aws_api_gateway_method_response",
                    "depends_on": [
                        "aws_api_gateway_method.API_PostByIdMethod",
                        "aws_api_gateway_resource.API_PostById",
                        "aws_api_gateway_rest_api.API"
                    ],
                    "primary": {
                        "id": "agmr-x4cvaup55c-64zxgm-ANY-200",
                        "attributes": {
                            "http_method": "ANY",
                            "id": "agmr-x4cvaup55c-64zxgm-ANY-200",
                            "resource_id": "64zxgm",
                            "response_models.%": "0",
                            "response_parameters.%": "3",
                            "response_parameters.method.response.header.Access-Control-Allow-Headers": "true",
                            "response_parameters.method.response.header.Access-Control-Allow-Methods": "true",
                            "response_parameters.method.response.header.Access-Control-Allow-Origin": "true",
                            "rest_api_id": "x4cvaup55c",
                            "status_code": "200"
                        },
                        "meta": {},
                        "tainted": false
                    },
                    "deposed": [],
                    "provider": ""
                },
                "aws_api_gateway_method_response.API_PostRole_200": {
                    "type": "aws_api_gateway_method_response",
                    "depends_on": [
                        "aws_api_gateway_method.API_PostRoleMethod",
                        "aws_api_gateway_resource.API_PostRole",
                        "aws_api_gateway_rest_api.API"
                    ],
                    "primary": {
                        "id": "agmr-x4cvaup55c-p8r5lb-ANY-200",
                        "attributes": {
                            "http_method": "ANY",
                            "id": "agmr-x4cvaup55c-p8r5lb-ANY-200",
                            "resource_id": "p8r5lb",
                            "response_models.%": "0",
                            "response_parameters.%": "3",
                            "response_parameters.method.response.header.Access-Control-Allow-Headers": "true",
                            "response_parameters.method.response.header.Access-Control-Allow-Methods": "true",
                            "response_parameters.method.response.header.Access-Control-Allow-Origin": "true",
                            "rest_api_id": "x4cvaup55c",
                            "status_code": "200"
                        },
                        "meta": {},
                        "tainted": false
                    },
                    "deposed": [],
                    "provider": ""
                },
                "aws_api_gateway_method_response.API_Post_200": {
                    "type": "aws_api_gateway_method_response",
                    "depends_on": [
                        "aws_api_gateway_method.API_PostMethod",
                        "aws_api_gateway_resource.API_Post",
                        "aws_api_gateway_rest_api.API"
                    ],
                    "primary": {
                        "id": "agmr-x4cvaup55c-bhq4rq-ANY-200",
                        "attributes": {
                            "http_method": "ANY",
                            "id": "agmr-x4cvaup55c-bhq4rq-ANY-200",
                            "resource_id": "bhq4rq",
                            "response_models.%": "0",
                            "response_parameters.%": "3",
                            "response_parameters.method.response.header.Access-Control-Allow-Headers": "true",
                            "response_parameters.method.response.header.Access-Control-Allow-Methods": "true",
                            "response_parameters.method.response.header.Access-Control-Allow-Origin": "true",
                            "rest_api_id": "x4cvaup55c",
                            "status_code": "200"
                        },
                        "meta": {},
                        "tainted": false
                    },
                    "deposed": [],
                    "provider": ""
                },
                "aws_api_gateway_method_response.API_UserById_200": {
                    "type": "aws_api_gateway_method_response",
                    "depends_on": [
                        "aws_api_gateway_method.API_UserByIdMethod",
                        "aws_api_gateway_resource.API_UserById",
                        "aws_api_gateway_rest_api.API"
                    ],
                    "primary": {
                        "id": "agmr-x4cvaup55c-bm0p9t-ANY-200",
                        "attributes": {
                            "http_method": "ANY",
                            "id": "agmr-x4cvaup55c-bm0p9t-ANY-200",
                            "resource_id": "bm0p9t",
                            "response_models.%": "0",
                            "response_parameters.%": "3",
                            "response_parameters.method.response.header.Access-Control-Allow-Headers": "true",
                            "response_parameters.method.response.header.Access-Control-Allow-Methods": "true",
                            "response_parameters.method.response.header.Access-Control-Allow-Origin": "true",
                            "rest_api_id": "x4cvaup55c",
                            "status_code": "200"
                        },
                        "meta": {},
                        "tainted": false
                    },
                    "deposed": [],
                    "provider": ""
                },
                "aws_api_gateway_method_response.API_UserRole_200": {
                    "type": "aws_api_gateway_method_response",
                    "depends_on": [
                        "aws_api_gateway_method.API_UserRoleMethod",
                        "aws_api_gateway_resource.API_UserRole",
                        "aws_api_gateway_rest_api.API"
                    ],
                    "primary": {
                        "id": "agmr-x4cvaup55c-z881sx-ANY-200",
                        "attributes": {
                            "http_method": "ANY",
                            "id": "agmr-x4cvaup55c-z881sx-ANY-200",
                            "resource_id": "z881sx",
                            "response_models.%": "0",
                            "response_parameters.%": "3",
                            "response_parameters.method.response.header.Access-Control-Allow-Headers": "true",
                            "response_parameters.method.response.header.Access-Control-Allow-Methods": "true",
                            "response_parameters.method.response.header.Access-Control-Allow-Origin": "true",
                            "rest_api_id": "x4cvaup55c",
                            "status_code": "200"
                        },
                        "meta": {},
                        "tainted": false
                    },
                    "deposed": [],
                    "provider": ""
                },
                "aws_api_gateway_method_response.API_User_200": {
                    "type": "aws_api_gateway_method_response",
                    "depends_on": [
                        "aws_api_gateway_method.API_UserMethod",
                        "aws_api_gateway_resource.API_User",
                        "aws_api_gateway_rest_api.API"
                    ],
                    "primary": {
                        "id": "agmr-x4cvaup55c-70izm4-ANY-200",
                        "attributes": {
                            "http_method": "ANY",
                            "id": "agmr-x4cvaup55c-70izm4-ANY-200",
                            "resource_id": "70izm4",
                            "response_models.%": "0",
                            "response_parameters.%": "3",
                            "response_parameters.method.response.header.Access-Control-Allow-Headers": "true",
                            "response_parameters.method.response.header.Access-Control-Allow-Methods": "true",
                            "response_parameters.method.response.header.Access-Control-Allow-Origin": "true",
                            "rest_api_id": "x4cvaup55c",
                            "status_code": "200"
                        },
                        "meta": {},
                        "tainted": false
                    },
                    "deposed": [],
                    "provider": ""
                },
                "aws_api_gateway_resource.API_Chapter": {
                    "type": "aws_api_gateway_resource",
                    "depends_on": [
                        "aws_api_gateway_rest_api.API"
                    ],
                    "primary": {
                        "id": "7dvr2e",
                        "attributes": {
                            "id": "7dvr2e",
                            "parent_id": "pu6cvqo609",
                            "path": "/chapters",
                            "path_part": "chapters",
                            "rest_api_id": "x4cvaup55c"
                        },
                        "meta": {},
                        "tainted": false
                    },
                    "deposed": [],
                    "provider": ""
                },
                "aws_api_gateway_resource.API_ChapterById": {
                    "type": "aws_api_gateway_resource",
                    "depends_on": [
                        "aws_api_gateway_resource.API_Chapter",
                        "aws_api_gateway_rest_api.API"
                    ],
                    "primary": {
                        "id": "8i2cp2",
                        "attributes": {
                            "id": "8i2cp2",
                            "parent_id": "7dvr2e",
                            "path": "/chapters/{id}",
                            "path_part": "{id}",
                            "rest_api_id": "x4cvaup55c"
                        },
                        "meta": {},
                        "tainted": false
                    },
                    "deposed": [],
                    "provider": ""
                },
                "aws_api_gateway_resource.API_Content": {
                    "type": "aws_api_gateway_resource",
                    "depends_on": [
                        "aws_api_gateway_rest_api.API"
                    ],
                    "primary": {
                        "id": "plkmdb",
                        "attributes": {
                            "id": "plkmdb",
                            "parent_id": "pu6cvqo609",
                            "path": "/contents",
                            "path_part": "contents",
                            "rest_api_id": "x4cvaup55c"
                        },
                        "meta": {},
                        "tainted": false
                    },
                    "deposed": [],
                    "provider": ""
                },
                "aws_api_gateway_resource.API_ContentById": {
                    "type": "aws_api_gateway_resource",
                    "depends_on": [
                        "aws_api_gateway_resource.API_Content",
                        "aws_api_gateway_rest_api.API"
                    ],
                    "primary": {
                        "id": "yg2rwh",
                        "attributes": {
                            "id": "yg2rwh",
                            "parent_id": "plkmdb",
                            "path": "/contents/{id}",
                            "path_part": "{id}",
                            "rest_api_id": "x4cvaup55c"
                        },
                        "meta": {},
                        "tainted": false
                    },
                    "deposed": [],
                    "provider": ""
                },
                "aws_api_gateway_resource.API_Me": {
                    "type": "aws_api_gateway_resource",
                    "depends_on": [
                        "aws_api_gateway_rest_api.API"
                    ],
                    "primary": {
                        "id": "j028r6",
                        "attributes": {
                            "id": "j028r6",
                            "parent_id": "pu6cvqo609",
                            "path": "/me",
                            "path_part": "me",
                            "rest_api_id": "x4cvaup55c"
                        },
                        "meta": {},
                        "tainted": false
                    },
                    "deposed": [],
                    "provider": ""
                },
                "aws_api_gateway_resource.API_Page": {
                    "type": "aws_api_gateway_resource",
                    "depends_on": [
                        "aws_api_gateway_rest_api.API"
                    ],
                    "primary": {
                        "id": "lbv4ze",
                        "attributes": {
                            "id": "lbv4ze",
                            "parent_id": "pu6cvqo609",
                            "path": "/pages",
                            "path_part": "pages",
                            "rest_api_id": "x4cvaup55c"
                        },
                        "meta": {},
                        "tainted": false
                    },
                    "deposed": [],
                    "provider": ""
                },
                "aws_api_gateway_resource.API_Post": {
                    "type": "aws_api_gateway_resource",
                    "depends_on": [
                        "aws_api_gateway_rest_api.API"
                    ],
                    "primary": {
                        "id": "bhq4rq",
                        "attributes": {
                            "id": "bhq4rq",
                            "parent_id": "pu6cvqo609",
                            "path": "/posts",
                            "path_part": "posts",
                            "rest_api_id": "x4cvaup55c"
                        },
                        "meta": {},
                        "tainted": false
                    },
                    "deposed": [],
                    "provider": ""
                },
                "aws_api_gateway_resource.API_PostById": {
                    "type": "aws_api_gateway_resource",
                    "depends_on": [
                        "aws_api_gateway_resource.API_Post",
                        "aws_api_gateway_rest_api.API"
                    ],
                    "primary": {
                        "id": "64zxgm",
                        "attributes": {
                            "id": "64zxgm",
                            "parent_id": "bhq4rq",
                            "path": "/posts/{id}",
                            "path_part": "{id}",
                            "rest_api_id": "x4cvaup55c"
                        },
                        "meta": {},
                        "tainted": false
                    },
                    "deposed": [],
                    "provider": ""
                },
                "aws_api_gateway_resource.API_PostRole": {
                    "type": "aws_api_gateway_resource",
                    "depends_on": [
                        "aws_api_gateway_rest_api.API"
                    ],
                    "primary": {
                        "id": "p8r5lb",
                        "attributes": {
                            "id": "p8r5lb",
                            "parent_id": "pu6cvqo609",
                            "path": "/post_roles",
                            "path_part": "post_roles",
                            "rest_api_id": "x4cvaup55c"
                        },
                        "meta": {},
                        "tainted": false
                    },
                    "deposed": [],
                    "provider": ""
                },
                "aws_api_gateway_resource.API_User": {
                    "type": "aws_api_gateway_resource",
                    "depends_on": [
                        "aws_api_gateway_rest_api.API"
                    ],
                    "primary": {
                        "id": "70izm4",
                        "attributes": {
                            "id": "70izm4",
                            "parent_id": "pu6cvqo609",
                            "path": "/users",
                            "path_part": "users",
                            "rest_api_id": "x4cvaup55c"
                        },
                        "meta": {},
                        "tainted": false
                    },
                    "deposed": [],
                    "provider": ""
                },
                "aws_api_gateway_resource.API_UserById": {
                    "type": "aws_api_gateway_resource",
                    "depends_on": [
                        "aws_api_gateway_resource.API_User",
                        "aws_api_gateway_rest_api.API"
                    ],
                    "primary": {
                        "id": "bm0p9t",
                        "attributes": {
                            "id": "bm0p9t",
                            "parent_id": "70izm4",
                            "path": "/users/{id}",
                            "path_part": "{id}",
                            "rest_api_id": "x4cvaup55c"
                        },
                        "meta": {},
                        "tainted": false
                    },
                    "deposed": [],
                    "provider": ""
                },
                "aws_api_gateway_resource.API_UserRole": {
                    "type": "aws_api_gateway_resource",
                    "depends_on": [
                        "aws_api_gateway_rest_api.API"
                    ],
                    "primary": {
                        "id": "z881sx",
                        "attributes": {
                            "id": "z881sx",
                            "parent_id": "pu6cvqo609",
                            "path": "/user_roles",
                            "path_part": "user_roles",
                            "rest_api_id": "x4cvaup55c"
                        },
                        "meta": {},
                        "tainted": false
                    },
                    "deposed": [],
                    "provider": ""
                },
                "aws_api_gateway_rest_api.API": {
                    "type": "aws_api_gateway_rest_api",
                    "depends_on": [],
                    "primary": {
                        "id": "x4cvaup55c",
                        "attributes": {
                            "binary_media_types.#": "0",
                            "created_date": "2017-09-21T06:32:48Z",
                            "description": "zeitstories api for development",
                            "id": "x4cvaup55c",
                            "name": "V1 (DEV)",
                            "root_resource_id": "pu6cvqo609"
                        },
                        "meta": {},
                        "tainted": false
                    },
                    "deposed": [],
                    "provider": ""
                },
                "aws_api_gateway_usage_plan.API_UsagePlan": {
                    "type": "aws_api_gateway_usage_plan",
                    "depends_on": [
                        "aws_api_gateway_deployment.API_Deployment",
                        "aws_api_gateway_rest_api.API"
                    ],
                    "primary": {
                        "id": "xy3ywx",
                        "attributes": {
                            "api_stages.#": "1",
                            "api_stages.0.api_id": "x4cvaup55c",
                            "api_stages.0.stage": "dev",
                            "description": "Usage plan for internal applications (non-customer)",
                            "id": "xy3ywx",
                            "name": "InApp",
                            "product_code": ""
                        },
                        "meta": {},
                        "tainted": false
                    },
                    "deposed": [],
                    "provider": ""
                },
                "aws_api_gateway_usage_plan_key.API_UsagePlanKey": {
                    "type": "aws_api_gateway_usage_plan_key",
                    "depends_on": [
                        "aws_api_gateway_api_key.API_Key",
                        "aws_api_gateway_usage_plan.API_UsagePlan"
                    ],
                    "primary": {
                        "id": "mjki6dztef",
                        "attributes": {
                            "id": "mjki6dztef",
                            "key_id": "mjki6dztef",
                            "key_type": "API_KEY",
                            "name": "InApp",
                            "usage_plan_id": "xy3ywx",
                            "value": ""
                        },
                        "meta": {},
                        "tainted": false
                    },
                    "deposed": [],
                    "provider": ""
                },
                "aws_lambda_permission.API_ChapterByIdPermission": {
                    "type": "aws_lambda_permission",
                    "depends_on": [
                        "aws_api_gateway_resource.API_Chapter",
                        "aws_api_gateway_rest_api.API"
                    ],
                    "primary": {
                        "id": "ChapterByIdLambdaPermission",
                        "attributes": {
                            "action": "lambda:InvokeFunction",
                            "function_name": "v1_dev_chapters",
                            "id": "ChapterByIdLambdaPermission",
                            "principal": "apigateway.amazonaws.com",
                            "qualifier": "",
                            "source_arn": "arn:aws:execute-api:ap-northeast-2:642029907872:x4cvaup55c/*/*/chapters/*",
                            "statement_id": "ChapterByIdLambdaPermission"
                        },
                        "meta": {},
                        "tainted": false
                    },
                    "deposed": [],
                    "provider": ""
                },
                "aws_lambda_permission.API_ChapterPermission": {
                    "type": "aws_lambda_permission",
                    "depends_on": [
                        "aws_api_gateway_resource.API_Chapter",
                        "aws_api_gateway_rest_api.API"
                    ],
                    "primary": {
                        "id": "ChapterLambdaPermission",
                        "attributes": {
                            "action": "lambda:InvokeFunction",
                            "function_name": "v1_dev_chapters",
                            "id": "ChapterLambdaPermission",
                            "principal": "apigateway.amazonaws.com",
                            "qualifier": "",
                            "source_arn": "arn:aws:execute-api:ap-northeast-2:642029907872:x4cvaup55c/*/*/chapters",
                            "statement_id": "ChapterLambdaPermission"
                        },
                        "meta": {},
                        "tainted": false
                    },
                    "deposed": [],
                    "provider": ""
                },
                "aws_lambda_permission.API_ContentByIdPermission": {
                    "type": "aws_lambda_permission",
                    "depends_on": [
                        "aws_api_gateway_resource.API_Content",
                        "aws_api_gateway_rest_api.API"
                    ],
                    "primary": {
                        "id": "ContentByIdLambdaPermission",
                        "attributes": {
                            "action": "lambda:InvokeFunction",
                            "function_name": "v1_dev_contents",
                            "id": "ContentByIdLambdaPermission",
                            "principal": "apigateway.amazonaws.com",
                            "qualifier": "",
                            "source_arn": "arn:aws:execute-api:ap-northeast-2:642029907872:x4cvaup55c/*/*/contents/*",
                            "statement_id": "ContentByIdLambdaPermission"
                        },
                        "meta": {},
                        "tainted": false
                    },
                    "deposed": [],
                    "provider": ""
                },
                "aws_lambda_permission.API_ContentPermission": {
                    "type": "aws_lambda_permission",
                    "depends_on": [
                        "aws_api_gateway_resource.API_Content",
                        "aws_api_gateway_rest_api.API"
                    ],
                    "primary": {
                        "id": "ContentLambdaPermission",
                        "attributes": {
                            "action": "lambda:InvokeFunction",
                            "function_name": "v1_dev_contents",
                            "id": "ContentLambdaPermission",
                            "principal": "apigateway.amazonaws.com",
                            "qualifier": "",
                            "source_arn": "arn:aws:execute-api:ap-northeast-2:642029907872:x4cvaup55c/*/*/contents",
                            "statement_id": "ContentLambdaPermission"
                        },
                        "meta": {},
                        "tainted": false
                    },
                    "deposed": [],
                    "provider": ""
                },
                "aws_lambda_permission.API_MePermission": {
                    "type": "aws_lambda_permission",
                    "depends_on": [
                        "aws_api_gateway_resource.API_Me",
                        "aws_api_gateway_rest_api.API"
                    ],
                    "primary": {
                        "id": "MeLambdaPermission",
                        "attributes": {
                            "action": "lambda:InvokeFunction",
                            "function_name": "v1_dev_me",
                            "id": "MeLambdaPermission",
                            "principal": "apigateway.amazonaws.com",
                            "qualifier": "",
                            "source_arn": "arn:aws:execute-api:ap-northeast-2:642029907872:x4cvaup55c/*/*/me",
                            "statement_id": "MeLambdaPermission"
                        },
                        "meta": {},
                        "tainted": false
                    },
                    "deposed": [],
                    "provider": ""
                },
                "aws_lambda_permission.API_PagePermission": {
                    "type": "aws_lambda_permission",
                    "depends_on": [
                        "aws_api_gateway_resource.API_Page",
                        "aws_api_gateway_rest_api.API"
                    ],
                    "primary": {
                        "id": "PageLambdaPermission",
                        "attributes": {
                            "action": "lambda:InvokeFunction",
                            "function_name": "v1_dev_pages",
                            "id": "PageLambdaPermission",
                            "principal": "apigateway.amazonaws.com",
                            "qualifier": "",
                            "source_arn": "arn:aws:execute-api:ap-northeast-2:642029907872:x4cvaup55c/*/*/pages",
                            "statement_id": "PageLambdaPermission"
                        },
                        "meta": {},
                        "tainted": false
                    },
                    "deposed": [],
                    "provider": ""
                },
                "aws_lambda_permission.API_PostByIdPermission": {
                    "type": "aws_lambda_permission",
                    "depends_on": [
                        "aws_api_gateway_resource.API_Post",
                        "aws_api_gateway_rest_api.API"
                    ],
                    "primary": {
                        "id": "PostByIdLambdaPermission",
                        "attributes": {
                            "action": "lambda:InvokeFunction",
                            "function_name": "v1_dev_posts",
                            "id": "PostByIdLambdaPermission",
                            "principal": "apigateway.amazonaws.com",
                            "qualifier": "",
                            "source_arn": "arn:aws:execute-api:ap-northeast-2:642029907872:x4cvaup55c/*/*/posts/*",
                            "statement_id": "PostByIdLambdaPermission"
                        },
                        "meta": {},
                        "tainted": false
                    },
                    "deposed": [],
                    "provider": ""
                },
                "aws_lambda_permission.API_PostPermission": {
                    "type": "aws_lambda_permission",
                    "depends_on": [
                        "aws_api_gateway_resource.API_Post",
                        "aws_api_gateway_rest_api.API"
                    ],
                    "primary": {
                        "id": "PostLambdaPermission",
                        "attributes": {
                            "action": "lambda:InvokeFunction",
                            "function_name": "v1_dev_posts",
                            "id": "PostLambdaPermission",
                            "principal": "apigateway.amazonaws.com",
                            "qualifier": "",
                            "source_arn": "arn:aws:execute-api:ap-northeast-2:642029907872:x4cvaup55c/*/*/posts",
                            "statement_id": "PostLambdaPermission"
                        },
                        "meta": {},
                        "tainted": false
                    },
                    "deposed": [],
                    "provider": ""
                },
                "aws_lambda_permission.API_PostRolePermission": {
                    "type": "aws_lambda_permission",
                    "depends_on": [
                        "aws_api_gateway_resource.API_PostRole",
                        "aws_api_gateway_rest_api.API"
                    ],
                    "primary": {
                        "id": "PostRoleLambdaPermission",
                        "attributes": {
                            "action": "lambda:InvokeFunction",
                            "function_name": "v1_dev_post_roles",
                            "id": "PostRoleLambdaPermission",
                            "principal": "apigateway.amazonaws.com",
                            "qualifier": "",
                            "source_arn": "arn:aws:execute-api:ap-northeast-2:642029907872:x4cvaup55c/*/*/post_roles",
                            "statement_id": "PostRoleLambdaPermission"
                        },
                        "meta": {},
                        "tainted": false
                    },
                    "deposed": [],
                    "provider": ""
                },
                "aws_lambda_permission.API_UserByIdPermission": {
                    "type": "aws_lambda_permission",
                    "depends_on": [
                        "aws_api_gateway_resource.API_User",
                        "aws_api_gateway_rest_api.API"
                    ],
                    "primary": {
                        "id": "UserByIdLambdaPermission",
                        "attributes": {
                            "action": "lambda:InvokeFunction",
                            "function_name": "v1_dev_users",
                            "id": "UserByIdLambdaPermission",
                            "principal": "apigateway.amazonaws.com",
                            "qualifier": "",
                            "source_arn": "arn:aws:execute-api:ap-northeast-2:642029907872:x4cvaup55c/*/*/users/*",
                            "statement_id": "UserByIdLambdaPermission"
                        },
                        "meta": {},
                        "tainted": false
                    },
                    "deposed": [],
                    "provider": ""
                },
                "aws_lambda_permission.API_UserPermission": {
                    "type": "aws_lambda_permission",
                    "depends_on": [
                        "aws_api_gateway_resource.API_User",
                        "aws_api_gateway_rest_api.API"
                    ],
                    "primary": {
                        "id": "UserLambdaPermission",
                        "attributes": {
                            "action": "lambda:InvokeFunction",
                            "function_name": "v1_dev_users",
                            "id": "UserLambdaPermission",
                            "principal": "apigateway.amazonaws.com",
                            "qualifier": "",
                            "source_arn": "arn:aws:execute-api:ap-northeast-2:642029907872:x4cvaup55c/*/*/users",
                            "statement_id": "UserLambdaPermission"
                        },
                        "meta": {},
                        "tainted": false
                    },
                    "deposed": [],
                    "provider": ""
                },
                "aws_lambda_permission.API_UserRolePermission": {
                    "type": "aws_lambda_permission",
                    "depends_on": [
                        "aws_api_gateway_resource.API_UserRole",
                        "aws_api_gateway_rest_api.API"
                    ],
                    "primary": {
                        "id": "UserRoleLambdaPermission",
                        "attributes": {
                            "action": "lambda:InvokeFunction",
                            "function_name": "v1_dev_user_roles",
                            "id": "UserRoleLambdaPermission",
                            "principal": "apigateway.amazonaws.com",
                            "qualifier": "",
                            "source_arn": "arn:aws:execute-api:ap-northeast-2:642029907872:x4cvaup55c/*/*/user_roles",
                            "statement_id": "UserRoleLambdaPermission"
                        },
                        "meta": {},
                        "tainted": false
                    },
                    "deposed": [],
                    "provider": ""
                }
            },
            "depends_on": []
        },
        {
            "path": [
                "root",
                "API_UserByIdCORS"
            ],
            "outputs": {},
            "resources": {},
            "depends_on": []
        },
        {
            "path": [
                "root",
                "API_UserCORS"
            ],
            "outputs": {},
            "resources": {},
            "depends_on": []
        }
    ]
}
